// !$*UTF8*$!
{
	archiveVersion = 1;
	classes = {
	};
	objectVersion = 55;
	objects = {

/* Begin PBXBuildFile section */
		CA54316A28AA54E7007A1710 /* travelManager.xcdatamodeld in Sources */ = {isa = PBXBuildFile; fileRef = CA54315728AA54E5007A1710 /* travelManager.xcdatamodeld */; };
		CA54316B28AA54E7007A1710 /* travelManager.xcdatamodeld in Sources */ = {isa = PBXBuildFile; fileRef = CA54315728AA54E5007A1710 /* travelManager.xcdatamodeld */; };
		CA54316C28AA54E7007A1710 /* travelManagerApp.swift in Sources */ = {isa = PBXBuildFile; fileRef = CA54315928AA54E5007A1710 /* travelManagerApp.swift */; };
		CA54316D28AA54E7007A1710 /* travelManagerApp.swift in Sources */ = {isa = PBXBuildFile; fileRef = CA54315928AA54E5007A1710 /* travelManagerApp.swift */; };
		CA54316E28AA54E7007A1710 /* ContentView.swift in Sources */ = {isa = PBXBuildFile; fileRef = CA54315A28AA54E5007A1710 /* ContentView.swift */; };
		CA54316F28AA54E7007A1710 /* ContentView.swift in Sources */ = {isa = PBXBuildFile; fileRef = CA54315A28AA54E5007A1710 /* ContentView.swift */; };
		CA54317028AA54E7007A1710 /* Persistence.swift in Sources */ = {isa = PBXBuildFile; fileRef = CA54315B28AA54E5007A1710 /* Persistence.swift */; };
		CA54317128AA54E7007A1710 /* Persistence.swift in Sources */ = {isa = PBXBuildFile; fileRef = CA54315B28AA54E5007A1710 /* Persistence.swift */; };
		CA54317228AA54E7007A1710 /* Assets.xcassets in Resources */ = {isa = PBXBuildFile; fileRef = CA54315C28AA54E7007A1710 /* Assets.xcassets */; };
		CA54317328AA54E7007A1710 /* Assets.xcassets in Resources */ = {isa = PBXBuildFile; fileRef = CA54315C28AA54E7007A1710 /* Assets.xcassets */; };
/* End PBXBuildFile section */

/* Begin PBXFileReference section */
		CA54315828AA54E5007A1710 /* Shared.xcdatamodel */ = {isa = PBXFileReference; lastKnownFileType = wrapper.xcdatamodel; path = Shared.xcdatamodel; sourceTree = "<group>"; };
		CA54315928AA54E5007A1710 /* travelManagerApp.swift */ = {isa = PBXFileReference; lastKnownFileType = sourcecode.swift; path = travelManagerApp.swift; sourceTree = "<group>"; };
		CA54315A28AA54E5007A1710 /* ContentView.swift */ = {isa = PBXFileReference; lastKnownFileType = sourcecode.swift; path = ContentView.swift; sourceTree = "<group>"; };
		CA54315B28AA54E5007A1710 /* Persistence.swift */ = {isa = PBXFileReference; lastKnownFileType = sourcecode.swift; path = Persistence.swift; sourceTree = "<group>"; };
		CA54315C28AA54E7007A1710 /* Assets.xcassets */ = {isa = PBXFileReference; lastKnownFileType = folder.assetcatalog; path = Assets.xcassets; sourceTree = "<group>"; };
		CA54316128AA54E7007A1710 /* travelManager.app */ = {isa = PBXFileReference; explicitFileType = wrapper.application; includeInIndex = 0; path = travelManager.app; sourceTree = BUILT_PRODUCTS_DIR; };
		CA54316728AA54E7007A1710 /* travelManager.app */ = {isa = PBXFileReference; explicitFileType = wrapper.application; includeInIndex = 0; path = travelManager.app; sourceTree = BUILT_PRODUCTS_DIR; };
		CA54316928AA54E7007A1710 /* macOS.entitlements */ = {isa = PBXFileReference; lastKnownFileType = text.plist.entitlements; path = macOS.entitlements; sourceTree = "<group>"; };
/* End PBXFileReference section */

/* Begin PBXFrameworksBuildPhase section */
		CA54315E28AA54E7007A1710 /* Frameworks */ = {
			isa = PBXFrameworksBuildPhase;
			buildActionMask = 2147483647;
			files = (
			);
			runOnlyForDeploymentPostprocessing = 0;
		};
		CA54316428AA54E7007A1710 /* Frameworks */ = {
			isa = PBXFrameworksBuildPhase;
			buildActionMask = 2147483647;
			files = (
			);
			runOnlyForDeploymentPostprocessing = 0;
		};
/* End PBXFrameworksBuildPhase section */

/* Begin PBXGroup section */
		CA54315128AA54E5007A1710 = {
			isa = PBXGroup;
			children = (
				CA54315628AA54E5007A1710 /* Shared */,
				CA54316828AA54E7007A1710 /* macOS */,
				CA54316228AA54E7007A1710 /* Products */,
			);
			sourceTree = "<group>";
		};
		CA54315628AA54E5007A1710 /* Shared */ = {
			isa = PBXGroup;
			children = (
				CA54315928AA54E5007A1710 /* travelManagerApp.swift */,
				CA54315A28AA54E5007A1710 /* ContentView.swift */,
				CA54315B28AA54E5007A1710 /* Persistence.swift */,
				CA54315C28AA54E7007A1710 /* Assets.xcassets */,
				CA54315728AA54E5007A1710 /* travelManager.xcdatamodeld */,
			);
			path = Shared;
			sourceTree = "<group>";
		};
		CA54316228AA54E7007A1710 /* Products */ = {
			isa = PBXGroup;
			children = (
				CA54316128AA54E7007A1710 /* travelManager.app */,
				CA54316728AA54E7007A1710 /* travelManager.app */,
			);
			name = Products;
			sourceTree = "<group>";
		};
		CA54316828AA54E7007A1710 /* macOS */ = {
			isa = PBXGroup;
			children = (
				CA54316928AA54E7007A1710 /* macOS.entitlements */,
			);
			path = macOS;
			sourceTree = "<group>";
		};
/* End PBXGroup section */

/* Begin PBXNativeTarget section */
		CA54316028AA54E7007A1710 /* travelManager (iOS) */ = {
			isa = PBXNativeTarget;
			buildConfigurationList = CA54317628AA54E7007A1710 /* Build configuration list for PBXNativeTarget "travelManager (iOS)" */;
			buildPhases = (
				CA54315D28AA54E7007A1710 /* Sources */,
				CA54315E28AA54E7007A1710 /* Frameworks */,
				CA54315F28AA54E7007A1710 /* Resources */,
			);
			buildRules = (
			);
			dependencies = (
			);
			name = "travelManager (iOS)";
			productName = "travelManager (iOS)";
			productReference = CA54316128AA54E7007A1710 /* travelManager.app */;
			productType = "com.apple.product-type.application";
		};
		CA54316628AA54E7007A1710 /* travelManager (macOS) */ = {
			isa = PBXNativeTarget;
			buildConfigurationList = CA54317928AA54E7007A1710 /* Build configuration list for PBXNativeTarget "travelManager (macOS)" */;
			buildPhases = (
				CA54316328AA54E7007A1710 /* Sources */,
				CA54316428AA54E7007A1710 /* Frameworks */,
				CA54316528AA54E7007A1710 /* Resources */,
			);
			buildRules = (
			);
			dependencies = (
			);
			name = "travelManager (macOS)";
			productName = "travelManager (macOS)";
			productReference = CA54316728AA54E7007A1710 /* travelManager.app */;
			productType = "com.apple.product-type.application";
		};
/* End PBXNativeTarget section */

/* Begin PBXProject section */
		CA54315228AA54E5007A1710 /* Project object */ = {
			isa = PBXProject;
			attributes = {
				BuildIndependentTargetsInParallel = 1;
				LastSwiftUpdateCheck = 1340;
				LastUpgradeCheck = 1340;
				TargetAttributes = {
					CA54316028AA54E7007A1710 = {
						CreatedOnToolsVersion = 13.4.1;
					};
					CA54316628AA54E7007A1710 = {
						CreatedOnToolsVersion = 13.4.1;
					};
				};
			};
			buildConfigurationList = CA54315528AA54E5007A1710 /* Build configuration list for PBXProject "travelManager" */;
			compatibilityVersion = "Xcode 13.0";
			developmentRegion = en;
			hasScannedForEncodings = 0;
			knownRegions = (
				en,
				Base,
			);
			mainGroup = CA54315128AA54E5007A1710;
			productRefGroup = CA54316228AA54E7007A1710 /* Products */;
			projectDirPath = "";
			projectRoot = "";
			targets = (
				CA54316028AA54E7007A1710 /* travelManager (iOS) */,
				CA54316628AA54E7007A1710 /* travelManager (macOS) */,
			);
		};
/* End PBXProject section */

/* Begin PBXResourcesBuildPhase section */
		CA54315F28AA54E7007A1710 /* Resources */ = {
			isa = PBXResourcesBuildPhase;
			buildActionMask = 2147483647;
			files = (
				CA54317228AA54E7007A1710 /* Assets.xcassets in Resources */,
			);
			runOnlyForDeploymentPostprocessing = 0;
		};
		CA54316528AA54E7007A1710 /* Resources */ = {
			isa = PBXResourcesBuildPhase;
			buildActionMask = 2147483647;
			files = (
				CA54317328AA54E7007A1710 /* Assets.xcassets in Resources */,
			);
			runOnlyForDeploymentPostprocessing = 0;
		};
/* End PBXResourcesBuildPhase section */

/* Begin PBXSourcesBuildPhase section */
		CA54315D28AA54E7007A1710 /* Sources */ = {
			isa = PBXSourcesBuildPhase;
			buildActionMask = 2147483647;
			files = (
				CA54316A28AA54E7007A1710 /* travelManager.xcdatamodeld in Sources */,
				CA54317028AA54E7007A1710 /* Persistence.swift in Sources */,
				CA54316C28AA54E7007A1710 /* travelManagerApp.swift in Sources */,
				CA54316E28AA54E7007A1710 /* ContentView.swift in Sources */,
			);
			runOnlyForDeploymentPostprocessing = 0;
		};
		CA54316328AA54E7007A1710 /* Sources */ = {
			isa = PBXSourcesBuildPhase;
			buildActionMask = 2147483647;
			files = (
				CA54316B28AA54E7007A1710 /* travelManager.xcdatamodeld in Sources */,
				CA54317128AA54E7007A1710 /* Persistence.swift in Sources */,
				CA54316D28AA54E7007A1710 /* travelManagerApp.swift in Sources */,
				CA54316F28AA54E7007A1710 /* ContentView.swift in Sources */,
			);
			runOnlyForDeploymentPostprocessing = 0;
		};
/* End PBXSourcesBuildPhase section */

/* Begin XCBuildConfiguration section */
		CA54317428AA54E7007A1710 /* Debug */ = {
			isa = XCBuildConfiguration;
			buildSettings = {
				ALWAYS_SEARCH_USER_PATHS = NO;
				CLANG_ANALYZER_NONNULL = YES;
				CLANG_ANALYZER_NUMBER_OBJECT_CONVERSION = YES_AGGRESSIVE;
				CLANG_CXX_LANGUAGE_STANDARD = "gnu++17";
				CLANG_ENABLE_MODULES = YES;
				CLANG_ENABLE_OBJC_ARC = YES;
				CLANG_ENABLE_OBJC_WEAK = YES;
				CLANG_WARN_BLOCK_CAPTURE_AUTORELEASING = YES;
				CLANG_WARN_BOOL_CONVERSION = YES;
				CLANG_WARN_COMMA = YES;
				CLANG_WARN_CONSTANT_CONVERSION = YES;
				CLANG_WARN_DEPRECATED_OBJC_IMPLEMENTATIONS = YES;
				CLANG_WARN_DIRECT_OBJC_ISA_USAGE = YES_ERROR;
				CLANG_WARN_DOCUMENTATION_COMMENTS = YES;
				CLANG_WARN_EMPTY_BODY = YES;
				CLANG_WARN_ENUM_CONVERSION = YES;
				CLANG_WARN_INFINITE_RECURSION = YES;
				CLANG_WARN_INT_CONVERSION = YES;
				CLANG_WARN_NON_LITERAL_NULL_CONVERSION = YES;
				CLANG_WARN_OBJC_IMPLICIT_RETAIN_SELF = YES;
				CLANG_WARN_OBJC_LITERAL_CONVERSION = YES;
				CLANG_WARN_OBJC_ROOT_CLASS = YES_ERROR;
				CLANG_WARN_QUOTED_INCLUDE_IN_FRAMEWORK_HEADER = YES;
				CLANG_WARN_RANGE_LOOP_ANALYSIS = YES;
				CLANG_WARN_STRICT_PROTOTYPES = YES;
				CLANG_WARN_SUSPICIOUS_MOVE = YES;
				CLANG_WARN_UNGUARDED_AVAILABILITY = YES_AGGRESSIVE;
				CLANG_WARN_UNREACHABLE_CODE = YES;
				CLANG_WARN__DUPLICATE_METHOD_MATCH = YES;
				COPY_PHASE_STRIP = NO;
				DEBUG_INFORMATION_FORMAT = dwarf;
				ENABLE_STRICT_OBJC_MSGSEND = YES;
				ENABLE_TESTABILITY = YES;
				GCC_C_LANGUAGE_STANDARD = gnu11;
				GCC_DYNAMIC_NO_PIC = NO;
				GCC_NO_COMMON_BLOCKS = YES;
				GCC_OPTIMIZATION_LEVEL = 0;
				GCC_PREPROCESSOR_DEFINITIONS = (
					"DEBUG=1",
					"$(inherited)",
				);
				GCC_WARN_64_TO_32_BIT_CONVERSION = YES;
				GCC_WARN_ABOUT_RETURN_TYPE = YES_ERROR;
				GCC_WARN_UNDECLARED_SELECTOR = YES;
				GCC_WARN_UNINITIALIZED_AUTOS = YES_AGGRESSIVE;
				GCC_WARN_UNUSED_FUNCTION = YES;
				GCC_WARN_UNUSED_VARIABLE = YES;
				MTL_ENABLE_DEBUG_INFO = INCLUDE_SOURCE;
				MTL_FAST_MATH = YES;
				ONLY_ACTIVE_ARCH = YES;
				SWIFT_ACTIVE_COMPILATION_CONDITIONS = DEBUG;
				SWIFT_OPTIMIZATION_LEVEL = "-Onone";
			};
			name = Debug;
		};
		CA54317528AA54E7007A1710 /* Release */ = {
			isa = XCBuildConfiguration;
			buildSettings = {
				ALWAYS_SEARCH_USER_PATHS = NO;
				CLANG_ANALYZER_NONNULL = YES;
				CLANG_ANALYZER_NUMBER_OBJECT_CONVERSION = YES_AGGRESSIVE;
				CLANG_CXX_LANGUAGE_STANDARD = "gnu++17";
				CLANG_ENABLE_MODULES = YES;
				CLANG_ENABLE_OBJC_ARC = YES;
				CLANG_ENABLE_OBJC_WEAK = YES;
				CLANG_WARN_BLOCK_CAPTURE_AUTORELEASING = YES;
				CLANG_WARN_BOOL_CONVERSION = YES;
				CLANG_WARN_COMMA = YES;
				CLANG_WARN_CONSTANT_CONVERSION = YES;
				CLANG_WARN_DEPRECATED_OBJC_IMPLEMENTATIONS = YES;
				CLANG_WARN_DIRECT_OBJC_ISA_USAGE = YES_ERROR;
				CLANG_WARN_DOCUMENTATION_COMMENTS = YES;
				CLANG_WARN_EMPTY_BODY = YES;
				CLANG_WARN_ENUM_CONVERSION = YES;
				CLANG_WARN_INFINITE_RECURSION = YES;
				CLANG_WARN_INT_CONVERSION = YES;
				CLANG_WARN_NON_LITERAL_NULL_CONVERSION = YES;
				CLANG_WARN_OBJC_IMPLICIT_RETAIN_SELF = YES;
				CLANG_WARN_OBJC_LITERAL_CONVERSION = YES;
				CLANG_WARN_OBJC_ROOT_CLASS = YES_ERROR;
				CLANG_WARN_QUOTED_INCLUDE_IN_FRAMEWORK_HEADER = YES;
				CLANG_WARN_RANGE_LOOP_ANALYSIS = YES;
				CLANG_WARN_STRICT_PROTOTYPES = YES;
				CLANG_WARN_SUSPICIOUS_MOVE = YES;
				CLANG_WARN_UNGUARDED_AVAILABILITY = YES_AGGRESSIVE;
				CLANG_WARN_UNREACHABLE_CODE = YES;
				CLANG_WARN__DUPLICATE_METHOD_MATCH = YES;
				COPY_PHASE_STRIP = NO;
				DEBUG_INFORMATION_FORMAT = "dwarf-with-dsym";
				ENABLE_NS_ASSERTIONS = NO;
				ENABLE_STRICT_OBJC_MSGSEND = YES;
				GCC_C_LANGUAGE_STANDARD = gnu11;
				GCC_NO_COMMON_BLOCKS = YES;
				GCC_WARN_64_TO_32_BIT_CONVERSION = YES;
				GCC_WARN_ABOUT_RETURN_TYPE = YES_ERROR;
				GCC_WARN_UNDECLARED_SELECTOR = YES;
				GCC_WARN_UNINITIALIZED_AUTOS = YES_AGGRESSIVE;
				GCC_WARN_UNUSED_FUNCTION = YES;
				GCC_WARN_UNUSED_VARIABLE = YES;
				MTL_ENABLE_DEBUG_INFO = NO;
				MTL_FAST_MATH = YES;
				SWIFT_COMPILATION_MODE = wholemodule;
				SWIFT_OPTIMIZATION_LEVEL = "-O";
			};
			name = Release;
		};
		CA54317728AA54E7007A1710 /* Debug */ = {
			isa = XCBuildConfiguration;
			buildSettings = {
				ASSETCATALOG_COMPILER_APPICON_NAME = AppIcon;
				ASSETCATALOG_COMPILER_GLOBAL_ACCENT_COLOR_NAME = AccentColor;
				CODE_SIGN_STYLE = Automatic;
				CURRENT_PROJECT_VERSION = 1;
				DEVELOPMENT_TEAM = T65P9D58JD;
				ENABLE_PREVIEWS = YES;
				GENERATE_INFOPLIST_FILE = YES;
				INFOPLIST_KEY_UIApplicationSceneManifest_Generation = YES;
				INFOPLIST_KEY_UIApplicationSupportsIndirectInputEvents = YES;
				INFOPLIST_KEY_UILaunchScreen_Generation = YES;
				INFOPLIST_KEY_UISupportedInterfaceOrientations_iPad = "UIInterfaceOrientationPortrait UIInterfaceOrientationPortraitUpsideDown UIInterfaceOrientationLandscapeLeft UIInterfaceOrientationLandscapeRight";
				INFOPLIST_KEY_UISupportedInterfaceOrientations_iPhone = "UIInterfaceOrientationPortrait UIInterfaceOrientationLandscapeLeft UIInterfaceOrientationLandscapeRight";
				IPHONEOS_DEPLOYMENT_TARGET = 15.5;
				LD_RUNPATH_SEARCH_PATHS = (
					"$(inherited)",
					"@executable_path/Frameworks",
				);
				MARKETING_VERSION = 1.0;
				PRODUCT_BUNDLE_IDENTIFIER = sunbae.travelManager;
				PRODUCT_NAME = travelManager;
				SDKROOT = iphoneos;
				SWIFT_EMIT_LOC_STRINGS = YES;
				SWIFT_VERSION = 5.0;
				TARGETED_DEVICE_FAMILY = "1,2";
			};
			name = Debug;
		};
		CA54317828AA54E7007A1710 /* Release */ = {
			isa = XCBuildConfiguration;
			buildSettings = {
				ASSETCATALOG_COMPILER_APPICON_NAME = AppIcon;
				ASSETCATALOG_COMPILER_GLOBAL_ACCENT_COLOR_NAME = AccentColor;
				CODE_SIGN_STYLE = Automatic;
				CURRENT_PROJECT_VERSION = 1;
				DEVELOPMENT_TEAM = T65P9D58JD;
				ENABLE_PREVIEWS = YES;
				GENERATE_INFOPLIST_FILE = YES;
				INFOPLIST_KEY_UIApplicationSceneManifest_Generation = YES;
				INFOPLIST_KEY_UIApplicationSupportsIndirectInputEvents = YES;
				INFOPLIST_KEY_UILaunchScreen_Generation = YES;
				INFOPLIST_KEY_UISupportedInterfaceOrientations_iPad = "UIInterfaceOrientationPortrait UIInterfaceOrientationPortraitUpsideDown UIInterfaceOrientationLandscapeLeft UIInterfaceOrientationLandscapeRight";
				INFOPLIST_KEY_UISupportedInterfaceOrientations_iPhone = "UIInterfaceOrientationPortrait UIInterfaceOrientationLandscapeLeft UIInterfaceOrientationLandscapeRight";
				IPHONEOS_DEPLOYMENT_TARGET = 15.5;
				LD_RUNPATH_SEARCH_PATHS = (
					"$(inherited)",
					"@executable_path/Frameworks",
				);
				MARKETING_VERSION = 1.0;
				PRODUCT_BUNDLE_IDENTIFIER = sunbae.travelManager;
				PRODUCT_NAME = travelManager;
				SDKROOT = iphoneos;
				SWIFT_EMIT_LOC_STRINGS = YES;
				SWIFT_VERSION = 5.0;
				TARGETED_DEVICE_FAMILY = "1,2";
				VALIDATE_PRODUCT = YES;
			};
			name = Release;
		};
		CA54317A28AA54E7007A1710 /* Debug */ = {
			isa = XCBuildConfiguration;
			buildSettings = {
				ASSETCATALOG_COMPILER_APPICON_NAME = AppIcon;
				ASSETCATALOG_COMPILER_GLOBAL_ACCENT_COLOR_NAME = AccentColor;
				CODE_SIGN_ENTITLEMENTS = macOS/macOS.entitlements;
				CODE_SIGN_STYLE = Automatic;
				COMBINE_HIDPI_IMAGES = YES;
				CURRENT_PROJECT_VERSION = 1;
				DEVELOPMENT_TEAM = T65P9D58JD;
				ENABLE_HARDENED_RUNTIME = YES;
				ENABLE_PREVIEWS = YES;
				GENERATE_INFOPLIST_FILE = YES;
				INFOPLIST_KEY_NSHumanReadableCopyright = "";
				LD_RUNPATH_SEARCH_PATHS = (
					"$(inherited)",
					"@executable_path/../Frameworks",
				);
				MACOSX_DEPLOYMENT_TARGET = 12.3;
				MARKETING_VERSION = 1.0;
				PRODUCT_BUNDLE_IDENTIFIER = sunbae.travelManager;
				PRODUCT_NAME = travelManager;
				SDKROOT = macosx;
				SWIFT_EMIT_LOC_STRINGS = YES;
				SWIFT_VERSION = 5.0;
			};
			name = Debug;
		};
		CA54317B28AA54E7007A1710 /* Release */ = {
			isa = XCBuildConfiguration;
			buildSettings = {
				ASSETCATALOG_COMPILER_APPICON_NAME = AppIcon;
				ASSETCATALOG_COMPILER_GLOBAL_ACCENT_COLOR_NAME = AccentColor;
				CODE_SIGN_ENTITLEMENTS = macOS/macOS.entitlements;
				CODE_SIGN_STYLE = Automatic;
				COMBINE_HIDPI_IMAGES = YES;
				CURRENT_PROJECT_VERSION = 1;
				DEVELOPMENT_TEAM = T65P9D58JD;
				ENABLE_HARDENED_RUNTIME = YES;
				ENABLE_PREVIEWS = YES;
				GENERATE_INFOPLIST_FILE = YES;
				INFOPLIST_KEY_NSHumanReadableCopyright = "";
				LD_RUNPATH_SEARCH_PATHS = (
					"$(inherited)",
					"@executable_path/../Frameworks",
				);
				MACOSX_DEPLOYMENT_TARGET = 12.3;
				MARKETING_VERSION = 1.0;
				PRODUCT_BUNDLE_IDENTIFIER = sunbae.travelManager;
				PRODUCT_NAME = travelManager;
				SDKROOT = macosx;
				SWIFT_EMIT_LOC_STRINGS = YES;
				SWIFT_VERSION = 5.0;
			};
			name = Release;
		};
/* End XCBuildConfiguration section */

/* Begin XCConfigurationList section */
		CA54315528AA54E5007A1710 /* Build configuration list for PBXProject "travelManager" */ = {
			isa = XCConfigurationList;
			buildConfigurations = (
				CA54317428AA54E7007A1710 /* Debug */,
				CA54317528AA54E7007A1710 /* Release */,
			);
			defaultConfigurationIsVisible = 0;
			defaultConfigurationName = Release;
		};
		CA54317628AA54E7007A1710 /* Build configuration list for PBXNativeTarget "travelManager (iOS)" */ = {
			isa = XCConfigurationList;
			buildConfigurations = (
				CA54317728AA54E7007A1710 /* Debug */,
				CA54317828AA54E7007A1710 /* Release */,
			);
			defaultConfigurationIsVisible = 0;
			defaultConfigurationName = Release;
		};
		CA54317928AA54E7007A1710 /* Build configuration list for PBXNativeTarget "travelManager (macOS)" */ = {
			isa = XCConfigurationList;
			buildConfigurations = (
				CA54317A28AA54E7007A1710 /* Debug */,
				CA54317B28AA54E7007A1710 /* Release */,
			);
			defaultConfigurationIsVisible = 0;
			defaultConfigurationName = Release;
		};
/* End XCConfigurationList section */

/* Begin XCVersionGroup section */
		CA54315728AA54E5007A1710 /* travelManager.xcdatamodeld */ = {
			isa = XCVersionGroup;
			children = (
				CA54315828AA54E5007A1710 /* Shared.xcdatamodel */,
			);
			currentVersion = CA54315828AA54E5007A1710 /* Shared.xcdatamodel */;
			path = travelManager.xcdatamodeld;
			sourceTree = "<group>";
			versionGroupType = wrapper.xcdatamodel;
		};
/* End XCVersionGroup section */
	};
	rootObject = CA54315228AA54E5007A1710 /* Project object */;
}
